
Microsoft Visual Studio Solution File, Format Version 12.00
# Visual Studio Version 16
VisualStudioVersion = 16.0.31829.152
MinimumVisualStudioVersion = 10.0.40219.1
Project("{FAE04EC0-301F-11D3-BF4B-00C04F79EFBC}") = "19 LINQ", "19 LINQ\19 LINQ.csproj", "{852237FE-EDF4-4CA6-91E7-99206BF0A466}"
EndProject
Global
	GlobalSection(SolutionConfigurationPlatforms) = preSolution
		Debug|Any CPU = Debug|Any CPU
		Release|Any CPU = Release|Any CPU
	EndGlobalSection
	GlobalSection(ProjectConfigurationPlatforms) = postSolution
		{852237FE-EDF4-4CA6-91E7-99206BF0A466}.Debug|Any CPU.ActiveCfg = Debug|Any CPU
		{852237FE-EDF4-4CA6-91E7-99206BF0A466}.Debug|Any CPU.Build.0 = Debug|Any CPU
		{852237FE-EDF4-4CA6-91E7-99206BF0A466}.Release|Any CPU.ActiveCfg = Release|Any CPU
		{852237FE-EDF4-4CA6-91E7-99206BF0A466}.Release|Any CPU.Build.0 = Release|Any CPU
	EndGlobalSection
	GlobalSection(SolutionProperties) = preSolution
		HideSolutionNode = FALSE
	EndGlobalSection
	GlobalSection(ExtensibilityGlobals) = postSolution
		SolutionGuid = {CFE17FED-C59B-45FC-8C31-F91F9E8ADF68}
	EndGlobalSection
EndGlobal
